// !$*UTF8*$!
{
	archiveVersion = 1;
	classes = {
	};
	objectVersion = 51;
	objects = {

/* Begin PBXBuildFile section */
		531338ECBB8C5F3E9741B0E5 /* Pods_Moya_test.framework in Frameworks */ = {isa = PBXBuildFile; fileRef = 03DF7E9D694A9CF99B11F04F /* Pods_Moya_test.framework */; };
		75383EDA24F4EB4600ADA8F0 /* AppDelegate.swift in Sources */ = {isa = PBXBuildFile; fileRef = 75383ED924F4EB4600ADA8F0 /* AppDelegate.swift */; };
		75383EDC24F4EB4600ADA8F0 /* SceneDelegate.swift in Sources */ = {isa = PBXBuildFile; fileRef = 75383EDB24F4EB4600ADA8F0 /* SceneDelegate.swift */; };
		75383EDE24F4EB4600ADA8F0 /* ViewController.swift in Sources */ = {isa = PBXBuildFile; fileRef = 75383EDD24F4EB4600ADA8F0 /* ViewController.swift */; };
		75383EE124F4EB4600ADA8F0 /* Main.storyboard in Resources */ = {isa = PBXBuildFile; fileRef = 75383EDF24F4EB4600ADA8F0 /* Main.storyboard */; };
		75383EE324F4EB4800ADA8F0 /* Assets.xcassets in Resources */ = {isa = PBXBuildFile; fileRef = 75383EE224F4EB4800ADA8F0 /* Assets.xcassets */; };
		75383EE624F4EB4800ADA8F0 /* LaunchScreen.storyboard in Resources */ = {isa = PBXBuildFile; fileRef = 75383EE424F4EB4800ADA8F0 /* LaunchScreen.storyboard */; };
		75383EEF24F4F32700ADA8F0 /* API.swift in Sources */ = {isa = PBXBuildFile; fileRef = 75383EEE24F4F32700ADA8F0 /* API.swift */; };
		75383EF124F4F33D00ADA8F0 /* NetworkManager.swift in Sources */ = {isa = PBXBuildFile; fileRef = 75383EF024F4F33D00ADA8F0 /* NetworkManager.swift */; };
		75383EF324F4F34D00ADA8F0 /* MoyaConfig.swift in Sources */ = {isa = PBXBuildFile; fileRef = 75383EF224F4F34D00ADA8F0 /* MoyaConfig.swift */; };
/* End PBXBuildFile section */

/* Begin PBXFileReference section */
		03DF7E9D694A9CF99B11F04F /* Pods_Moya_test.framework */ = {isa = PBXFileReference; explicitFileType = wrapper.framework; includeInIndex = 0; path = Pods_Moya_test.framework; sourceTree = BUILT_PRODUCTS_DIR; };
		25CD02DC4EBBB4B5F830AB5E /* Pods-Moya_test.debug.xcconfig */ = {isa = PBXFileReference; includeInIndex = 1; lastKnownFileType = text.xcconfig; name = "Pods-Moya_test.debug.xcconfig"; path = "Target Support Files/Pods-Moya_test/Pods-Moya_test.debug.xcconfig"; sourceTree = "<group>"; };
		75383ED624F4EB4600ADA8F0 /* Moya_test.app */ = {isa = PBXFileReference; explicitFileType = wrapper.application; includeInIndex = 0; path = Moya_test.app; sourceTree = BUILT_PRODUCTS_DIR; };
		75383ED924F4EB4600ADA8F0 /* AppDelegate.swift */ = {isa = PBXFileReference; lastKnownFileType = sourcecode.swift; path = AppDelegate.swift; sourceTree = "<group>"; };
		75383EDB24F4EB4600ADA8F0 /* SceneDelegate.swift */ = {isa = PBXFileReference; lastKnownFileType = sourcecode.swift; path = SceneDelegate.swift; sourceTree = "<group>"; };
		75383EDD24F4EB4600ADA8F0 /* ViewController.swift */ = {isa = PBXFileReference; lastKnownFileType = sourcecode.swift; path = ViewController.swift; sourceTree = "<group>"; };
		75383EE024F4EB4600ADA8F0 /* Base */ = {isa = PBXFileReference; lastKnownFileType = file.storyboard; name = Base; path = Base.lproj/Main.storyboard; sourceTree = "<group>"; };
		75383EE224F4EB4800ADA8F0 /* Assets.xcassets */ = {isa = PBXFileReference; lastKnownFileType = folder.assetcatalog; path = Assets.xcassets; sourceTree = "<group>"; };
		75383EE524F4EB4800ADA8F0 /* Base */ = {isa = PBXFileReference; lastKnownFileType = file.storyboard; name = Base; path = Base.lproj/LaunchScreen.storyboard; sourceTree = "<group>"; };
		75383EE724F4EB4800ADA8F0 /* Info.plist */ = {isa = PBXFileReference; lastKnownFileType = text.plist.xml; path = Info.plist; sourceTree = "<group>"; };
		75383EEE24F4F32700ADA8F0 /* API.swift */ = {isa = PBXFileReference; lastKnownFileType = sourcecode.swift; path = API.swift; sourceTree = "<group>"; };
		75383EF024F4F33D00ADA8F0 /* NetworkManager.swift */ = {isa = PBXFileReference; lastKnownFileType = sourcecode.swift; path = NetworkManager.swift; sourceTree = "<group>"; };
		75383EF224F4F34D00ADA8F0 /* MoyaConfig.swift */ = {isa = PBXFileReference; lastKnownFileType = sourcecode.swift; path = MoyaConfig.swift; sourceTree = "<group>"; };
		86B08824A23FF05CC44A2D17 /* Pods-Moya_test.release.xcconfig */ = {isa = PBXFileReference; includeInIndex = 1; lastKnownFileType = text.xcconfig; name = "Pods-Moya_test.release.xcconfig"; path = "Target Support Files/Pods-Moya_test/Pods-Moya_test.release.xcconfig"; sourceTree = "<group>"; };
/* End PBXFileReference section */

/* Begin PBXFrameworksBuildPhase section */
		75383ED324F4EB4600ADA8F0 /* Frameworks */ = {
			isa = PBXFrameworksBuildPhase;
			buildActionMask = 2147483647;
			files = (
				531338ECBB8C5F3E9741B0E5 /* Pods_Moya_test.framework in Frameworks */,
			);
			runOnlyForDeploymentPostprocessing = 0;
		};
/* End PBXFrameworksBuildPhase section */

/* Begin PBXGroup section */
		0ED8B6F48BE4205650CF60D9 /* Pods */ = {
			isa = PBXGroup;
			children = (
				25CD02DC4EBBB4B5F830AB5E /* Pods-Moya_test.debug.xcconfig */,
				86B08824A23FF05CC44A2D17 /* Pods-Moya_test.release.xcconfig */,
			);
			path = Pods;
			sourceTree = "<group>";
		};
		154F083B5D8EFA6309648427 /* Frameworks */ = {
			isa = PBXGroup;
			children = (
				03DF7E9D694A9CF99B11F04F /* Pods_Moya_test.framework */,
			);
			name = Frameworks;
			sourceTree = "<group>";
		};
		75383ECD24F4EB4600ADA8F0 = {
			isa = PBXGroup;
			children = (
				75383ED824F4EB4600ADA8F0 /* Moya_test */,
				75383ED724F4EB4600ADA8F0 /* Products */,
				0ED8B6F48BE4205650CF60D9 /* Pods */,
				154F083B5D8EFA6309648427 /* Frameworks */,
			);
			sourceTree = "<group>";
		};
		75383ED724F4EB4600ADA8F0 /* Products */ = {
			isa = PBXGroup;
			children = (
				75383ED624F4EB4600ADA8F0 /* Moya_test.app */,
			);
			name = Products;
			sourceTree = "<group>";
		};
		75383ED824F4EB4600ADA8F0 /* Moya_test */ = {
			isa = PBXGroup;
			children = (
				75383EED24F4F2E300ADA8F0 /* Router */,
				75383ED924F4EB4600ADA8F0 /* AppDelegate.swift */,
				75383EDB24F4EB4600ADA8F0 /* SceneDelegate.swift */,
				75383EDD24F4EB4600ADA8F0 /* ViewController.swift */,
				75383EDF24F4EB4600ADA8F0 /* Main.storyboard */,
				75383EE224F4EB4800ADA8F0 /* Assets.xcassets */,
				75383EE424F4EB4800ADA8F0 /* LaunchScreen.storyboard */,
				75383EE724F4EB4800ADA8F0 /* Info.plist */,
			);
			path = Moya_test;
			sourceTree = "<group>";
		};
		75383EED24F4F2E300ADA8F0 /* Router */ = {
			isa = PBXGroup;
			children = (
				75383EEE24F4F32700ADA8F0 /* API.swift */,
				75383EF024F4F33D00ADA8F0 /* NetworkManager.swift */,
				75383EF224F4F34D00ADA8F0 /* MoyaConfig.swift */,
			);
			path = Router;
			sourceTree = "<group>";
		};
/* End PBXGroup section */

/* Begin PBXNativeTarget section */
		75383ED524F4EB4600ADA8F0 /* Moya_test */ = {
			isa = PBXNativeTarget;
			buildConfigurationList = 75383EEA24F4EB4800ADA8F0 /* Build configuration list for PBXNativeTarget "Moya_test" */;
			buildPhases = (
				18344847563B2B8C351F95A5 /* [CP] Check Pods Manifest.lock */,
				75383ED224F4EB4600ADA8F0 /* Sources */,
				75383ED324F4EB4600ADA8F0 /* Frameworks */,
				75383ED424F4EB4600ADA8F0 /* Resources */,
				00145CBD10054E2161FA484F /* [CP] Embed Pods Frameworks */,
			);
			buildRules = (
			);
			dependencies = (
			);
			name = Moya_test;
			productName = Moya_test;
			productReference = 75383ED624F4EB4600ADA8F0 /* Moya_test.app */;
			productType = "com.apple.product-type.application";
		};
/* End PBXNativeTarget section */

/* Begin PBXProject section */
		75383ECE24F4EB4600ADA8F0 /* Project object */ = {
			isa = PBXProject;
			attributes = {
				LastSwiftUpdateCheck = 1160;
				LastUpgradeCheck = 1160;
				ORGANIZATIONNAME = wangjiayu;
				TargetAttributes = {
					75383ED524F4EB4600ADA8F0 = {
						CreatedOnToolsVersion = 11.6;
					};
				};
			};
			buildConfigurationList = 75383ED124F4EB4600ADA8F0 /* Build configuration list for PBXProject "Moya_test" */;
			compatibilityVersion = "Xcode 9.3";
			developmentRegion = en;
			hasScannedForEncodings = 0;
			knownRegions = (
				en,
				Base,
			);
			mainGroup = 75383ECD24F4EB4600ADA8F0;
			productRefGroup = 75383ED724F4EB4600ADA8F0 /* Products */;
			projectDirPath = "";
			projectRoot = "";
			targets = (
				75383ED524F4EB4600ADA8F0 /* Moya_test */,
			);
		};
/* End PBXProject section */

/* Begin PBXResourcesBuildPhase section */
		75383ED424F4EB4600ADA8F0 /* Resources */ = {
			isa = PBXResourcesBuildPhase;
			buildActionMask = 2147483647;
			files = (
				75383EE624F4EB4800ADA8F0 /* LaunchScreen.storyboard in Resources */,
				75383EE324F4EB4800ADA8F0 /* Assets.xcassets in Resources */,
				75383EE124F4EB4600ADA8F0 /* Main.storyboard in Resources */,
			);
			runOnlyForDeploymentPostprocessing = 0;
		};
/* End PBXResourcesBuildPhase section */

/* Begin PBXShellScriptBuildPhase section */
		00145CBD10054E2161FA484F /* [CP] Embed Pods Frameworks */ = {
			isa = PBXShellScriptBuildPhase;
			buildActionMask = 2147483647;
			files = (
			);
			inputFileListPaths = (
				"${PODS_ROOT}/Target Support Files/Pods-Moya_test/Pods-Moya_test-frameworks-${CONFIGURATION}-input-files.xcfilelist",
			);
			name = "[CP] Embed Pods Frameworks";
			outputFileListPaths = (
				"${PODS_ROOT}/Target Support Files/Pods-Moya_test/Pods-Moya_test-frameworks-${CONFIGURATION}-output-files.xcfilelist",
			);
			runOnlyForDeploymentPostprocessing = 0;
			shellPath = /bin/sh;
			shellScript = "\"${PODS_ROOT}/Target Support Files/Pods-Moya_test/Pods-Moya_test-frameworks.sh\"\n";
			showEnvVarsInLog = 0;
		};
		18344847563B2B8C351F95A5 /* [CP] Check Pods Manifest.lock */ = {
			isa = PBXShellScriptBuildPhase;
			buildActionMask = 2147483647;
			files = (
			);
			inputFileListPaths = (
			);
			inputPaths = (
				"${PODS_PODFILE_DIR_PATH}/Podfile.lock",
				"${PODS_ROOT}/Manifest.lock",
			);
			name = "[CP] Check Pods Manifest.lock";
			outputFileListPaths = (
			);
			outputPaths = (
				"$(DERIVED_FILE_DIR)/Pods-Moya_test-checkManifestLockResult.txt",
			);
			runOnlyForDeploymentPostprocessing = 0;
			shellPath = /bin/sh;
			shellScript = "diff \"${PODS_PODFILE_DIR_PATH}/Podfile.lock\" \"${PODS_ROOT}/Manifest.lock\" > /dev/null\nif [ $? != 0 ] ; then\n    # print error to STDERR\n    echo \"error: The sandbox is not in sync with the Podfile.lock. Run 'pod install' or update your CocoaPods installation.\" >&2\n    exit 1\nfi\n# This output is used by Xcode 'outputs' to avoid re-running this script phase.\necho \"SUCCESS\" > \"${SCRIPT_OUTPUT_FILE_0}\"\n";
			showEnvVarsInLog = 0;
		};
/* End PBXShellScriptBuildPhase section */

/* Begin PBXSourcesBuildPhase section */
		75383ED224F4EB4600ADA8F0 /* Sources */ = {
			isa = PBXSourcesBuildPhase;
			buildActionMask = 2147483647;
			files = (
				75383EDE24F4EB4600ADA8F0 /* ViewController.swift in Sources */,
				75383EDA24F4EB4600ADA8F0 /* AppDelegate.swift in Sources */,
				75383EF124F4F33D00ADA8F0 /* NetworkManager.swift in Sources */,
				75383EF324F4F34D00ADA8F0 /* MoyaConfig.swift in Sources */,
				75383EEF24F4F32700ADA8F0 /* API.swift in Sources */,
				75383EDC24F4EB4600ADA8F0 /* SceneDelegate.swift in Sources */,
			);
			runOnlyForDeploymentPostprocessing = 0;
		};
/* End PBXSourcesBuildPhase section */

/* Begin PBXVariantGroup section */
		75383EDF24F4EB4600ADA8F0 /* Main.storyboard */ = {
			isa = PBXVariantGroup;
			children = (
				75383EE024F4EB4600ADA8F0 /* Base */,
			);
			name = Main.storyboard;
			sourceTree = "<group>";
		};
		75383EE424F4EB4800ADA8F0 /* LaunchScreen.storyboard */ = {
			isa = PBXVariantGroup;
			children = (
				75383EE524F4EB4800ADA8F0 /* Base */,
			);
			name = LaunchScreen.storyboard;
			sourceTree = "<group>";
		};
/* End PBXVariantGroup section */

/* Begin XCBuildConfiguration section */
		75383EE824F4EB4800ADA8F0 /* Debug */ = {
			isa = XCBuildConfiguration;
			buildSettings = {
				ALWAYS_SEARCH_USER_PATHS = NO;
				CLANG_ANALYZER_NONNULL = YES;
				CLANG_ANALYZER_NUMBER_OBJECT_CONVERSION = YES_AGGRESSIVE;
				CLANG_CXX_LANGUAGE_STANDARD = "gnu++14";
				CLANG_CXX_LIBRARY = "libc++";
				CLANG_ENABLE_MODULES = YES;
				CLANG_ENABLE_OBJC_ARC = YES;
				CLANG_ENABLE_OBJC_WEAK = YES;
				CLANG_WARN_BLOCK_CAPTURE_AUTORELEASING = YES;
				CLANG_WARN_BOOL_CONVERSION = YES;
				CLANG_WARN_COMMA = YES;
				CLANG_WARN_CONSTANT_CONVERSION = YES;
				CLANG_WARN_DEPRECATED_OBJC_IMPLEMENTATIONS = YES;
				CLANG_WARN_DIRECT_OBJC_ISA_USAGE = YES_ERROR;
				CLANG_WARN_DOCUMENTATION_COMMENTS = YES;
				CLANG_WARN_EMPTY_BODY = YES;
				CLANG_WARN_ENUM_CONVERSION = YES;
				CLANG_WARN_INFINITE_RECURSION = YES;
				CLANG_WARN_INT_CONVERSION = YES;
				CLANG_WARN_NON_LITERAL_NULL_CONVERSION = YES;
				CLANG_WARN_OBJC_IMPLICIT_RETAIN_SELF = YES;
				CLANG_WARN_OBJC_LITERAL_CONVERSION = YES;
				CLANG_WARN_OBJC_ROOT_CLASS = YES_ERROR;
				CLANG_WARN_RANGE_LOOP_ANALYSIS = YES;
				CLANG_WARN_STRICT_PROTOTYPES = YES;
				CLANG_WARN_SUSPICIOUS_MOVE = YES;
				CLANG_WARN_UNGUARDED_AVAILABILITY = YES_AGGRESSIVE;
				CLANG_WARN_UNREACHABLE_CODE = YES;
				CLANG_WARN__DUPLICATE_METHOD_MATCH = YES;
				COPY_PHASE_STRIP = NO;
				DEBUG_INFORMATION_FORMAT = dwarf;
				ENABLE_STRICT_OBJC_MSGSEND = YES;
				ENABLE_TESTABILITY = YES;
				GCC_C_LANGUAGE_STANDARD = gnu11;
				GCC_DYNAMIC_NO_PIC = NO;
				GCC_NO_COMMON_BLOCKS = YES;
				GCC_OPTIMIZATION_LEVEL = 0;
				GCC_PREPROCESSOR_DEFINITIONS = (
					"DEBUG=1",
					"$(inherited)",
				);
				GCC_WARN_64_TO_32_BIT_CONVERSION = YES;
				GCC_WARN_ABOUT_RETURN_TYPE = YES_ERROR;
				GCC_WARN_UNDECLARED_SELECTOR = YES;
				GCC_WARN_UNINITIALIZED_AUTOS = YES_AGGRESSIVE;
				GCC_WARN_UNUSED_FUNCTION = YES;
				GCC_WARN_UNUSED_VARIABLE = YES;
				IPHONEOS_DEPLOYMENT_TARGET = 13.6;
				MTL_ENABLE_DEBUG_INFO = INCLUDE_SOURCE;
				MTL_FAST_MATH = YES;
				ONLY_ACTIVE_ARCH = YES;
				SDKROOT = iphoneos;
				SWIFT_ACTIVE_COMPILATION_CONDITIONS = DEBUG;
				SWIFT_OPTIMIZATION_LEVEL = "-Onone";
			};
			name = Debug;
		};
		75383EE924F4EB4800ADA8F0 /* Release */ = {
			isa = XCBuildConfiguration;
			buildSettings = {
				ALWAYS_SEARCH_USER_PATHS = NO;
				CLANG_ANALYZER_NONNULL = YES;
				CLANG_ANALYZER_NUMBER_OBJECT_CONVERSION = YES_AGGRESSIVE;
				CLANG_CXX_LANGUAGE_STANDARD = "gnu++14";
				CLANG_CXX_LIBRARY = "libc++";
				CLANG_ENABLE_MODULES = YES;
				CLANG_ENABLE_OBJC_ARC = YES;
				CLANG_ENABLE_OBJC_WEAK = YES;
				CLANG_WARN_BLOCK_CAPTURE_AUTORELEASING = YES;
				CLANG_WARN_BOOL_CONVERSION = YES;
				CLANG_WARN_COMMA = YES;
				CLANG_WARN_CONSTANT_CONVERSION = YES;
				CLANG_WARN_DEPRECATED_OBJC_IMPLEMENTATIONS = YES;
				CLANG_WARN_DIRECT_OBJC_ISA_USAGE = YES_ERROR;
				CLANG_WARN_DOCUMENTATION_COMMENTS = YES;
				CLANG_WARN_EMPTY_BODY = YES;
				CLANG_WARN_ENUM_CONVERSION = YES;
				CLANG_WARN_INFINITE_RECURSION = YES;
				CLANG_WARN_INT_CONVERSION = YES;
				CLANG_WARN_NON_LITERAL_NULL_CONVERSION = YES;
				CLANG_WARN_OBJC_IMPLICIT_RETAIN_SELF = YES;
				CLANG_WARN_OBJC_LITERAL_CONVERSION = YES;
				CLANG_WARN_OBJC_ROOT_CLASS = YES_ERROR;
				CLANG_WARN_RANGE_LOOP_ANALYSIS = YES;
				CLANG_WARN_STRICT_PROTOTYPES = YES;
				CLANG_WARN_SUSPICIOUS_MOVE = YES;
				CLANG_WARN_UNGUARDED_AVAILABILITY = YES_AGGRESSIVE;
				CLANG_WARN_UNREACHABLE_CODE = YES;
				CLANG_WARN__DUPLICATE_METHOD_MATCH = YES;
				COPY_PHASE_STRIP = NO;
				DEBUG_INFORMATION_FORMAT = "dwarf-with-dsym";
				ENABLE_NS_ASSERTIONS = NO;
				ENABLE_STRICT_OBJC_MSGSEND = YES;
				GCC_C_LANGUAGE_STANDARD = gnu11;
				GCC_NO_COMMON_BLOCKS = YES;
				GCC_WARN_64_TO_32_BIT_CONVERSION = YES;
				GCC_WARN_ABOUT_RETURN_TYPE = YES_ERROR;
				GCC_WARN_UNDECLARED_SELECTOR = YES;
				GCC_WARN_UNINITIALIZED_AUTOS = YES_AGGRESSIVE;
				GCC_WARN_UNUSED_FUNCTION = YES;
				GCC_WARN_UNUSED_VARIABLE = YES;
				IPHONEOS_DEPLOYMENT_TARGET = 13.6;
				MTL_ENABLE_DEBUG_INFO = NO;
				MTL_FAST_MATH = YES;
				SDKROOT = iphoneos;
				SWIFT_COMPILATION_MODE = wholemodule;
				SWIFT_OPTIMIZATION_LEVEL = "-O";
				VALIDATE_PRODUCT = YES;
			};
			name = Release;
		};
		75383EEB24F4EB4800ADA8F0 /* Debug */ = {
			isa = XCBuildConfiguration;
			baseConfigurationReference = 25CD02DC4EBBB4B5F830AB5E /* Pods-Moya_test.debug.xcconfig */;
			buildSettings = {
				ASSETCATALOG_COMPILER_APPICON_NAME = AppIcon;
				CODE_SIGN_STYLE = Automatic;
				DEVELOPMENT_TEAM = 4UKBZQ5P63;
				INFOPLIST_FILE = Moya_test/Info.plist;
				LD_RUNPATH_SEARCH_PATHS = (
					"$(inherited)",
					"@executable_path/Frameworks",
				);
				PRODUCT_BUNDLE_IDENTIFIER = "com.yiju.Moya-test";
				PRODUCT_NAME = "$(TARGET_NAME)";
				SWIFT_VERSION = 5.0;
				TARGETED_DEVICE_FAMILY = "1,2";
			};
			name = Debug;
		};
		75383EEC24F4EB4800ADA8F0 /* Release */ = {
			isa = XCBuildConfiguration;
			baseConfigurationReference = 86B08824A23FF05CC44A2D17 /* Pods-Moya_test.release.xcconfig */;
			buildSettings = {
				ASSETCATALOG_COMPILER_APPICON_NAME = AppIcon;
				CODE_SIGN_STYLE = Automatic;
				DEVELOPMENT_TEAM = 4UKBZQ5P63;
				INFOPLIST_FILE = Moya_test/Info.plist;
				LD_RUNPATH_SEARCH_PATHS = (
					"$(inherited)",
					"@executable_path/Frameworks",
				);
				PRODUCT_BUNDLE_IDENTIFIER = "com.yiju.Moya-test";
				PRODUCT_NAME = "$(TARGET_NAME)";
				SWIFT_VERSION = 5.0;
				TARGETED_DEVICE_FAMILY = "1,2";
			};
			name = Release;
		};
/* End XCBuildConfiguration section */

/* Begin XCConfigurationList section */
		75383ED124F4EB4600ADA8F0 /* Build configuration list for PBXProject "Moya_test" */ = {
			isa = XCConfigurationList;
			buildConfigurations = (
				75383EE824F4EB4800ADA8F0 /* Debug */,
				75383EE924F4EB4800ADA8F0 /* Release */,
			);
			defaultConfigurationIsVisible = 0;
			defaultConfigurationName = Release;
		};
		75383EEA24F4EB4800ADA8F0 /* Build configuration list for PBXNativeTarget "Moya_test" */ = {
			isa = XCConfigurationList;
			buildConfigurations = (
				75383EEB24F4EB4800ADA8F0 /* Debug */,
				75383EEC24F4EB4800ADA8F0 /* Release */,
			);
			defaultConfigurationIsVisible = 0;
			defaultConfigurationName = Release;
		};
/* End XCConfigurationList section */
	};
	rootObject = 75383ECE24F4EB4600ADA8F0 /* Project object */;
}
